
Microsoft Visual Studio Solution File, Format Version 12.00
# Visual Studio Version 16
VisualStudioVersion = 16.0.29326.143
MinimumVisualStudioVersion = 10.0.40219.1
Project("{FAE04EC0-301F-11D3-BF4B-00C04F79EFBC}") = "ExercicioO.O", "ExercicioO.O\ExercicioO.O.csproj", "{7EFC6214-F21D-49A0-87C7-EB173CA5AFD0}"
EndProject
Global
	GlobalSection(SolutionConfigurationPlatforms) = preSolution
		Debug|Any CPU = Debug|Any CPU
		Release|Any CPU = Release|Any CPU
	EndGlobalSection
	GlobalSection(ProjectConfigurationPlatforms) = postSolution
		{7EFC6214-F21D-49A0-87C7-EB173CA5AFD0}.Debug|Any CPU.ActiveCfg = Debug|Any CPU
		{7EFC6214-F21D-49A0-87C7-EB173CA5AFD0}.Debug|Any CPU.Build.0 = Debug|Any CPU
		{7EFC6214-F21D-49A0-87C7-EB173CA5AFD0}.Release|Any CPU.ActiveCfg = Release|Any CPU
		{7EFC6214-F21D-49A0-87C7-EB173CA5AFD0}.Release|Any CPU.Build.0 = Release|Any CPU
	EndGlobalSection
	GlobalSection(SolutionProperties) = preSolution
		HideSolutionNode = FALSE
	EndGlobalSection
	GlobalSection(ExtensibilityGlobals) = postSolution
		SolutionGuid = {C4B65804-773C-4884-8EBE-999E6BFB4C82}
	EndGlobalSection
EndGlobal
