
Microsoft Visual Studio Solution File, Format Version 12.00
# Visual Studio Version 16
VisualStudioVersion = 16.0.29326.143
MinimumVisualStudioVersion = 10.0.40219.1
Project("{FAE04EC0-301F-11D3-BF4B-00C04F79EFBC}") = "ConversaoImplicitaCasting", "ConversaoImplicitaCasting\ConversaoImplicitaCasting.csproj", "{DFFDCCC2-5654-4C08-BF86-4C466F9CE1F6}"
EndProject
Global
	GlobalSection(SolutionConfigurationPlatforms) = preSolution
		Debug|Any CPU = Debug|Any CPU
		Release|Any CPU = Release|Any CPU
	EndGlobalSection
	GlobalSection(ProjectConfigurationPlatforms) = postSolution
		{DFFDCCC2-5654-4C08-BF86-4C466F9CE1F6}.Debug|Any CPU.ActiveCfg = Debug|Any CPU
		{DFFDCCC2-5654-4C08-BF86-4C466F9CE1F6}.Debug|Any CPU.Build.0 = Debug|Any CPU
		{DFFDCCC2-5654-4C08-BF86-4C466F9CE1F6}.Release|Any CPU.ActiveCfg = Release|Any CPU
		{DFFDCCC2-5654-4C08-BF86-4C466F9CE1F6}.Release|Any CPU.Build.0 = Release|Any CPU
	EndGlobalSection
	GlobalSection(SolutionProperties) = preSolution
		HideSolutionNode = FALSE
	EndGlobalSection
	GlobalSection(ExtensibilityGlobals) = postSolution
		SolutionGuid = {A806911F-5251-4BB4-885A-4B5F5698DA8E}
	EndGlobalSection
EndGlobal
