
Microsoft Visual Studio Solution File, Format Version 12.00
# Visual Studio Version 16
VisualStudioVersion = 16.0.29326.143
MinimumVisualStudioVersion = 10.0.40219.1
Project("{FAE04EC0-301F-11D3-BF4B-00C04F79EFBC}") = "Exercicio02O.O", "Exercicio02O.O\Exercicio02O.O.csproj", "{3AD539D0-5C63-472A-A7B0-07D4DC5C9FF9}"
EndProject
Global
	GlobalSection(SolutionConfigurationPlatforms) = preSolution
		Debug|Any CPU = Debug|Any CPU
		Release|Any CPU = Release|Any CPU
	EndGlobalSection
	GlobalSection(ProjectConfigurationPlatforms) = postSolution
		{3AD539D0-5C63-472A-A7B0-07D4DC5C9FF9}.Debug|Any CPU.ActiveCfg = Debug|Any CPU
		{3AD539D0-5C63-472A-A7B0-07D4DC5C9FF9}.Debug|Any CPU.Build.0 = Debug|Any CPU
		{3AD539D0-5C63-472A-A7B0-07D4DC5C9FF9}.Release|Any CPU.ActiveCfg = Release|Any CPU
		{3AD539D0-5C63-472A-A7B0-07D4DC5C9FF9}.Release|Any CPU.Build.0 = Release|Any CPU
	EndGlobalSection
	GlobalSection(SolutionProperties) = preSolution
		HideSolutionNode = FALSE
	EndGlobalSection
	GlobalSection(ExtensibilityGlobals) = postSolution
		SolutionGuid = {8925E4CA-1704-43AC-8279-35431381A7DB}
	EndGlobalSection
EndGlobal
