
Microsoft Visual Studio Solution File, Format Version 12.00
# Visual Studio Version 16
VisualStudioVersion = 16.0.29326.143
MinimumVisualStudioVersion = 10.0.40219.1
Project("{FAE04EC0-301F-11D3-BF4B-00C04F79EFBC}") = "ExercicioEstruturaSequencial", "ExercicioEstruturaSequencial\ExercicioEstruturaSequencial.csproj", "{9E5C5215-73D8-4820-AB20-E7745D851FD0}"
EndProject
Global
	GlobalSection(SolutionConfigurationPlatforms) = preSolution
		Debug|Any CPU = Debug|Any CPU
		Release|Any CPU = Release|Any CPU
	EndGlobalSection
	GlobalSection(ProjectConfigurationPlatforms) = postSolution
		{9E5C5215-73D8-4820-AB20-E7745D851FD0}.Debug|Any CPU.ActiveCfg = Debug|Any CPU
		{9E5C5215-73D8-4820-AB20-E7745D851FD0}.Debug|Any CPU.Build.0 = Debug|Any CPU
		{9E5C5215-73D8-4820-AB20-E7745D851FD0}.Release|Any CPU.ActiveCfg = Release|Any CPU
		{9E5C5215-73D8-4820-AB20-E7745D851FD0}.Release|Any CPU.Build.0 = Release|Any CPU
	EndGlobalSection
	GlobalSection(SolutionProperties) = preSolution
		HideSolutionNode = FALSE
	EndGlobalSection
	GlobalSection(ExtensibilityGlobals) = postSolution
		SolutionGuid = {67C8060A-C30A-4140-BC87-E7F61AFC8E1A}
	EndGlobalSection
EndGlobal
