
Microsoft Visual Studio Solution File, Format Version 12.00
# Visual Studio Version 16
VisualStudioVersion = 16.0.29326.143
MinimumVisualStudioVersion = 10.0.40219.1
Project("{FAE04EC0-301F-11D3-BF4B-00C04F79EFBC}") = "ExercicioFixação", "ExercicioFixação\ExercicioFixação.csproj", "{D1C5C2E2-2DD1-4CB2-8471-B6CDCE925170}"
EndProject
Global
	GlobalSection(SolutionConfigurationPlatforms) = preSolution
		Debug|Any CPU = Debug|Any CPU
		Release|Any CPU = Release|Any CPU
	EndGlobalSection
	GlobalSection(ProjectConfigurationPlatforms) = postSolution
		{D1C5C2E2-2DD1-4CB2-8471-B6CDCE925170}.Debug|Any CPU.ActiveCfg = Debug|Any CPU
		{D1C5C2E2-2DD1-4CB2-8471-B6CDCE925170}.Debug|Any CPU.Build.0 = Debug|Any CPU
		{D1C5C2E2-2DD1-4CB2-8471-B6CDCE925170}.Release|Any CPU.ActiveCfg = Release|Any CPU
		{D1C5C2E2-2DD1-4CB2-8471-B6CDCE925170}.Release|Any CPU.Build.0 = Release|Any CPU
	EndGlobalSection
	GlobalSection(SolutionProperties) = preSolution
		HideSolutionNode = FALSE
	EndGlobalSection
	GlobalSection(ExtensibilityGlobals) = postSolution
		SolutionGuid = {1208C790-D23C-4A55-A860-42C8072636FF}
	EndGlobalSection
EndGlobal
