
Microsoft Visual Studio Solution File, Format Version 12.00
# Visual Studio Version 16
VisualStudioVersion = 16.0.29326.143
MinimumVisualStudioVersion = 10.0.40219.1
Project("{FAE04EC0-301F-11D3-BF4B-00C04F79EFBC}") = "Primeiro", "Primeiro\Primeiro.csproj", "{DA3BDA30-374E-4B9A-BAAC-16174814DEDF}"
EndProject
Global
	GlobalSection(SolutionConfigurationPlatforms) = preSolution
		Debug|Any CPU = Debug|Any CPU
		Release|Any CPU = Release|Any CPU
	EndGlobalSection
	GlobalSection(ProjectConfigurationPlatforms) = postSolution
		{DA3BDA30-374E-4B9A-BAAC-16174814DEDF}.Debug|Any CPU.ActiveCfg = Debug|Any CPU
		{DA3BDA30-374E-4B9A-BAAC-16174814DEDF}.Debug|Any CPU.Build.0 = Debug|Any CPU
		{DA3BDA30-374E-4B9A-BAAC-16174814DEDF}.Release|Any CPU.ActiveCfg = Release|Any CPU
		{DA3BDA30-374E-4B9A-BAAC-16174814DEDF}.Release|Any CPU.Build.0 = Release|Any CPU
	EndGlobalSection
	GlobalSection(SolutionProperties) = preSolution
		HideSolutionNode = FALSE
	EndGlobalSection
	GlobalSection(ExtensibilityGlobals) = postSolution
		SolutionGuid = {95E149DD-42D0-43AD-A52F-4D49BD539F72}
	EndGlobalSection
EndGlobal
