
Microsoft Visual Studio Solution File, Format Version 12.00
# Visual Studio Version 16
VisualStudioVersion = 16.0.29326.143
MinimumVisualStudioVersion = 10.0.40219.1
Project("{FAE04EC0-301F-11D3-BF4B-00C04F79EFBC}") = "ExercicioDeR", "ExercicioDeR\ExercicioDeR.csproj", "{E8316C38-6061-46BB-A048-0C18A595D258}"
EndProject
Global
	GlobalSection(SolutionConfigurationPlatforms) = preSolution
		Debug|Any CPU = Debug|Any CPU
		Release|Any CPU = Release|Any CPU
	EndGlobalSection
	GlobalSection(ProjectConfigurationPlatforms) = postSolution
		{E8316C38-6061-46BB-A048-0C18A595D258}.Debug|Any CPU.ActiveCfg = Debug|Any CPU
		{E8316C38-6061-46BB-A048-0C18A595D258}.Debug|Any CPU.Build.0 = Debug|Any CPU
		{E8316C38-6061-46BB-A048-0C18A595D258}.Release|Any CPU.ActiveCfg = Release|Any CPU
		{E8316C38-6061-46BB-A048-0C18A595D258}.Release|Any CPU.Build.0 = Release|Any CPU
	EndGlobalSection
	GlobalSection(SolutionProperties) = preSolution
		HideSolutionNode = FALSE
	EndGlobalSection
	GlobalSection(ExtensibilityGlobals) = postSolution
		SolutionGuid = {E9B0A485-18C7-435A-BE50-331F1A00736E}
	EndGlobalSection
EndGlobal
